
Microsoft Visual Studio Solution File, Format Version 12.00
# Visual Studio Version 17
VisualStudioVersion = 17.14.36203.30 d17.14
MinimumVisualStudioVersion = 10.0.40219.1
Project("{FAE04EC0-301F-11D3-BF4B-00C04F79EFBC}") = "ServiceBusSender", "ServiceBusSender\ServiceBusSender.csproj", "{233AEB50-FD0D-4277-907A-0399313F3C81}"
EndProject
Global
	GlobalSection(SolutionConfigurationPlatforms) = preSolution
		Debug|Any CPU = Debug|Any CPU
		Release|Any CPU = Release|Any CPU
	EndGlobalSection
	GlobalSection(ProjectConfigurationPlatforms) = postSolution
		{233AEB50-FD0D-4277-907A-0399313F3C81}.Debug|Any CPU.ActiveCfg = Debug|Any CPU
		{233AEB50-FD0D-4277-907A-0399313F3C81}.Debug|Any CPU.Build.0 = Debug|Any CPU
		{233AEB50-FD0D-4277-907A-0399313F3C81}.Release|Any CPU.ActiveCfg = Release|Any CPU
		{233AEB50-FD0D-4277-907A-0399313F3C81}.Release|Any CPU.Build.0 = Release|Any CPU
	EndGlobalSection
	GlobalSection(SolutionProperties) = preSolution
		HideSolutionNode = FALSE
	EndGlobalSection
	GlobalSection(ExtensibilityGlobals) = postSolution
		SolutionGuid = {E5F5E7C6-99E7-4913-B8BC-4CA8EB8C4CA6}
	EndGlobalSection
EndGlobal
